// !$*UTF8*$!
{
	archiveVersion = 1;
	classes = {
	};
	objectVersion = 50;
	objects = {

/* Begin PBXBuildFile section */
		278C04FF23850F2C00F3C321 /* AppDelegate.swift in Sources */ = {isa = PBXBuildFile; fileRef = 278C04FE23850F2C00F3C321 /* AppDelegate.swift */; };
		278C050323850F2C00F3C321 /* ViewController.swift in Sources */ = {isa = PBXBuildFile; fileRef = 278C050223850F2C00F3C321 /* ViewController.swift */; };
		278C050623850F2C00F3C321 /* Main.storyboard in Resources */ = {isa = PBXBuildFile; fileRef = 278C050423850F2C00F3C321 /* Main.storyboard */; };
		278C050823850F2E00F3C321 /* Assets.xcassets in Resources */ = {isa = PBXBuildFile; fileRef = 278C050723850F2E00F3C321 /* Assets.xcassets */; };
		278C050B23850F2E00F3C321 /* LaunchScreen.storyboard in Resources */ = {isa = PBXBuildFile; fileRef = 278C050923850F2E00F3C321 /* LaunchScreen.storyboard */; };
		278C05152385110100F3C321 /* UIView+Ripple.swift in Sources */ = {isa = PBXBuildFile; fileRef = 278C05142385110100F3C321 /* UIView+Ripple.swift */; };
/* End PBXBuildFile section */

/* Begin PBXFileReference section */
		278C04FB23850F2C00F3C321 /* UIView-RippleDemo.app */ = {isa = PBXFileReference; explicitFileType = wrapper.application; includeInIndex = 0; path = "UIView-RippleDemo.app"; sourceTree = BUILT_PRODUCTS_DIR; };
		278C04FE23850F2C00F3C321 /* AppDelegate.swift */ = {isa = PBXFileReference; lastKnownFileType = sourcecode.swift; path = AppDelegate.swift; sourceTree = "<group>"; };
		278C050223850F2C00F3C321 /* ViewController.swift */ = {isa = PBXFileReference; lastKnownFileType = sourcecode.swift; path = ViewController.swift; sourceTree = "<group>"; };
		278C050523850F2C00F3C321 /* Base */ = {isa = PBXFileReference; lastKnownFileType = file.storyboard; name = Base; path = Base.lproj/Main.storyboard; sourceTree = "<group>"; };
		278C050723850F2E00F3C321 /* Assets.xcassets */ = {isa = PBXFileReference; lastKnownFileType = folder.assetcatalog; path = Assets.xcassets; sourceTree = "<group>"; };
		278C050A23850F2E00F3C321 /* Base */ = {isa = PBXFileReference; lastKnownFileType = file.storyboard; name = Base; path = Base.lproj/LaunchScreen.storyboard; sourceTree = "<group>"; };
		278C050C23850F2E00F3C321 /* Info.plist */ = {isa = PBXFileReference; lastKnownFileType = text.plist.xml; path = Info.plist; sourceTree = "<group>"; };
		278C05142385110100F3C321 /* UIView+Ripple.swift */ = {isa = PBXFileReference; fileEncoding = 4; lastKnownFileType = sourcecode.swift; path = "UIView+Ripple.swift"; sourceTree = "<group>"; };
/* End PBXFileReference section */

/* Begin PBXFrameworksBuildPhase section */
		278C04F823850F2C00F3C321 /* Frameworks */ = {
			isa = PBXFrameworksBuildPhase;
			buildActionMask = 2147483647;
			files = (
			);
			runOnlyForDeploymentPostprocessing = 0;
		};
/* End PBXFrameworksBuildPhase section */

/* Begin PBXGroup section */
		278C04F223850F2C00F3C321 = {
			isa = PBXGroup;
			children = (
				278C0513238510E700F3C321 /* Source */,
				278C04FD23850F2C00F3C321 /* UIView-RippleDemo */,
				278C04FC23850F2C00F3C321 /* Products */,
			);
			sourceTree = "<group>";
		};
		278C04FC23850F2C00F3C321 /* Products */ = {
			isa = PBXGroup;
			children = (
				278C04FB23850F2C00F3C321 /* UIView-RippleDemo.app */,
			);
			name = Products;
			sourceTree = "<group>";
		};
		278C04FD23850F2C00F3C321 /* UIView-RippleDemo */ = {
			isa = PBXGroup;
			children = (
				278C04FE23850F2C00F3C321 /* AppDelegate.swift */,
				278C050223850F2C00F3C321 /* ViewController.swift */,
				278C050423850F2C00F3C321 /* Main.storyboard */,
				278C050723850F2E00F3C321 /* Assets.xcassets */,
				278C050923850F2E00F3C321 /* LaunchScreen.storyboard */,
				278C050C23850F2E00F3C321 /* Info.plist */,
			);
			path = "UIView-RippleDemo";
			sourceTree = "<group>";
		};
		278C0513238510E700F3C321 /* Source */ = {
			isa = PBXGroup;
			children = (
				278C05142385110100F3C321 /* UIView+Ripple.swift */,
			);
			path = Source;
			sourceTree = "<group>";
		};
/* End PBXGroup section */

/* Begin PBXNativeTarget section */
		278C04FA23850F2C00F3C321 /* UIView-RippleDemo */ = {
			isa = PBXNativeTarget;
			buildConfigurationList = 278C050F23850F2E00F3C321 /* Build configuration list for PBXNativeTarget "UIView-RippleDemo" */;
			buildPhases = (
				278C04F723850F2C00F3C321 /* Sources */,
				278C04F823850F2C00F3C321 /* Frameworks */,
				278C04F923850F2C00F3C321 /* Resources */,
			);
			buildRules = (
			);
			dependencies = (
			);
			name = "UIView-RippleDemo";
			productName = "UIView-RippleDemo";
			productReference = 278C04FB23850F2C00F3C321 /* UIView-RippleDemo.app */;
			productType = "com.apple.product-type.application";
		};
/* End PBXNativeTarget section */

/* Begin PBXProject section */
		278C04F323850F2C00F3C321 /* Project object */ = {
			isa = PBXProject;
			attributes = {
				LastSwiftUpdateCheck = 1120;
				LastUpgradeCheck = 1120;
				ORGANIZATIONNAME = janlionly;
				TargetAttributes = {
					278C04FA23850F2C00F3C321 = {
						CreatedOnToolsVersion = 11.2.1;
					};
				};
			};
			buildConfigurationList = 278C04F623850F2C00F3C321 /* Build configuration list for PBXProject "UIView-RippleDemo" */;
			compatibilityVersion = "Xcode 9.3";
			developmentRegion = en;
			hasScannedForEncodings = 0;
			knownRegions = (
				en,
				Base,
			);
			mainGroup = 278C04F223850F2C00F3C321;
			productRefGroup = 278C04FC23850F2C00F3C321 /* Products */;
			projectDirPath = "";
			projectRoot = "";
			targets = (
				278C04FA23850F2C00F3C321 /* UIView-RippleDemo */,
			);
		};
/* End PBXProject section */

/* Begin PBXResourcesBuildPhase section */
		278C04F923850F2C00F3C321 /* Resources */ = {
			isa = PBXResourcesBuildPhase;
			buildActionMask = 2147483647;
			files = (
				278C050B23850F2E00F3C321 /* LaunchScreen.storyboard in Resources */,
				278C050823850F2E00F3C321 /* Assets.xcassets in Resources */,
				278C050623850F2C00F3C321 /* Main.storyboard in Resources */,
			);
			runOnlyForDeploymentPostprocessing = 0;
		};
/* End PBXResourcesBuildPhase section */

/* Begin PBXSourcesBuildPhase section */
		278C04F723850F2C00F3C321 /* Sources */ = {
			isa = PBXSourcesBuildPhase;
			buildActionMask = 2147483647;
			files = (
				278C05152385110100F3C321 /* UIView+Ripple.swift in Sources */,
				278C050323850F2C00F3C321 /* ViewController.swift in Sources */,
				278C04FF23850F2C00F3C321 /* AppDelegate.swift in Sources */,
			);
			runOnlyForDeploymentPostprocessing = 0;
		};
/* End PBXSourcesBuildPhase section */

/* Begin PBXVariantGroup section */
		278C050423850F2C00F3C321 /* Main.storyboard */ = {
			isa = PBXVariantGroup;
			children = (
				278C050523850F2C00F3C321 /* Base */,
			);
			name = Main.storyboard;
			sourceTree = "<group>";
		};
		278C050923850F2E00F3C321 /* LaunchScreen.storyboard */ = {
			isa = PBXVariantGroup;
			children = (
				278C050A23850F2E00F3C321 /* Base */,
			);
			name = LaunchScreen.storyboard;
			sourceTree = "<group>";
		};
/* End PBXVariantGroup section */

/* Begin XCBuildConfiguration section */
		278C050D23850F2E00F3C321 /* Debug */ = {
			isa = XCBuildConfiguration;
			buildSettings = {
				ALWAYS_SEARCH_USER_PATHS = NO;
				CLANG_ANALYZER_NONNULL = YES;
				CLANG_ANALYZER_NUMBER_OBJECT_CONVERSION = YES_AGGRESSIVE;
				CLANG_CXX_LANGUAGE_STANDARD = "gnu++14";
				CLANG_CXX_LIBRARY = "libc++";
				CLANG_ENABLE_MODULES = YES;
				CLANG_ENABLE_OBJC_ARC = YES;
				CLANG_ENABLE_OBJC_WEAK = YES;
				CLANG_WARN_BLOCK_CAPTURE_AUTORELEASING = YES;
				CLANG_WARN_BOOL_CONVERSION = YES;
				CLANG_WARN_COMMA = YES;
				CLANG_WARN_CONSTANT_CONVERSION = YES;
				CLANG_WARN_DEPRECATED_OBJC_IMPLEMENTATIONS = YES;
				CLANG_WARN_DIRECT_OBJC_ISA_USAGE = YES_ERROR;
				CLANG_WARN_DOCUMENTATION_COMMENTS = YES;
				CLANG_WARN_EMPTY_BODY = YES;
				CLANG_WARN_ENUM_CONVERSION = YES;
				CLANG_WARN_INFINITE_RECURSION = YES;
				CLANG_WARN_INT_CONVERSION = YES;
				CLANG_WARN_NON_LITERAL_NULL_CONVERSION = YES;
				CLANG_WARN_OBJC_IMPLICIT_RETAIN_SELF = YES;
				CLANG_WARN_OBJC_LITERAL_CONVERSION = YES;
				CLANG_WARN_OBJC_ROOT_CLASS = YES_ERROR;
				CLANG_WARN_RANGE_LOOP_ANALYSIS = YES;
				CLANG_WARN_STRICT_PROTOTYPES = YES;
				CLANG_WARN_SUSPICIOUS_MOVE = YES;
				CLANG_WARN_UNGUARDED_AVAILABILITY = YES_AGGRESSIVE;
				CLANG_WARN_UNREACHABLE_CODE = YES;
				CLANG_WARN__DUPLICATE_METHOD_MATCH = YES;
				COPY_PHASE_STRIP = NO;
				DEBUG_INFORMATION_FORMAT = dwarf;
				ENABLE_STRICT_OBJC_MSGSEND = YES;
				ENABLE_TESTABILITY = YES;
				GCC_C_LANGUAGE_STANDARD = gnu11;
				GCC_DYNAMIC_NO_PIC = NO;
				GCC_NO_COMMON_BLOCKS = YES;
				GCC_OPTIMIZATION_LEVEL = 0;
				GCC_PREPROCESSOR_DEFINITIONS = (
					"DEBUG=1",
					"$(inherited)",
				);
				GCC_WARN_64_TO_32_BIT_CONVERSION = YES;
				GCC_WARN_ABOUT_RETURN_TYPE = YES_ERROR;
				GCC_WARN_UNDECLARED_SELECTOR = YES;
				GCC_WARN_UNINITIALIZED_AUTOS = YES_AGGRESSIVE;
				GCC_WARN_UNUSED_FUNCTION = YES;
				GCC_WARN_UNUSED_VARIABLE = YES;
				IPHONEOS_DEPLOYMENT_TARGET = 13.2;
				MTL_ENABLE_DEBUG_INFO = INCLUDE_SOURCE;
				MTL_FAST_MATH = YES;
				ONLY_ACTIVE_ARCH = YES;
				SDKROOT = iphoneos;
				SWIFT_ACTIVE_COMPILATION_CONDITIONS = DEBUG;
				SWIFT_OPTIMIZATION_LEVEL = "-Onone";
			};
			name = Debug;
		};
		278C050E23850F2E00F3C321 /* Release */ = {
			isa = XCBuildConfiguration;
			buildSettings = {
				ALWAYS_SEARCH_USER_PATHS = NO;
				CLANG_ANALYZER_NONNULL = YES;
				CLANG_ANALYZER_NUMBER_OBJECT_CONVERSION = YES_AGGRESSIVE;
				CLANG_CXX_LANGUAGE_STANDARD = "gnu++14";
				CLANG_CXX_LIBRARY = "libc++";
				CLANG_ENABLE_MODULES = YES;
				CLANG_ENABLE_OBJC_ARC = YES;
				CLANG_ENABLE_OBJC_WEAK = YES;
				CLANG_WARN_BLOCK_CAPTURE_AUTORELEASING = YES;
				CLANG_WARN_BOOL_CONVERSION = YES;
				CLANG_WARN_COMMA = YES;
				CLANG_WARN_CONSTANT_CONVERSION = YES;
				CLANG_WARN_DEPRECATED_OBJC_IMPLEMENTATIONS = YES;
				CLANG_WARN_DIRECT_OBJC_ISA_USAGE = YES_ERROR;
				CLANG_WARN_DOCUMENTATION_COMMENTS = YES;
				CLANG_WARN_EMPTY_BODY = YES;
				CLANG_WARN_ENUM_CONVERSION = YES;
				CLANG_WARN_INFINITE_RECURSION = YES;
				CLANG_WARN_INT_CONVERSION = YES;
				CLANG_WARN_NON_LITERAL_NULL_CONVERSION = YES;
				CLANG_WARN_OBJC_IMPLICIT_RETAIN_SELF = YES;
				CLANG_WARN_OBJC_LITERAL_CONVERSION = YES;
				CLANG_WARN_OBJC_ROOT_CLASS = YES_ERROR;
				CLANG_WARN_RANGE_LOOP_ANALYSIS = YES;
				CLANG_WARN_STRICT_PROTOTYPES = YES;
				CLANG_WARN_SUSPICIOUS_MOVE = YES;
				CLANG_WARN_UNGUARDED_AVAILABILITY = YES_AGGRESSIVE;
				CLANG_WARN_UNREACHABLE_CODE = YES;
				CLANG_WARN__DUPLICATE_METHOD_MATCH = YES;
				COPY_PHASE_STRIP = NO;
				DEBUG_INFORMATION_FORMAT = "dwarf-with-dsym";
				ENABLE_NS_ASSERTIONS = NO;
				ENABLE_STRICT_OBJC_MSGSEND = YES;
				GCC_C_LANGUAGE_STANDARD = gnu11;
				GCC_NO_COMMON_BLOCKS = YES;
				GCC_WARN_64_TO_32_BIT_CONVERSION = YES;
				GCC_WARN_ABOUT_RETURN_TYPE = YES_ERROR;
				GCC_WARN_UNDECLARED_SELECTOR = YES;
				GCC_WARN_UNINITIALIZED_AUTOS = YES_AGGRESSIVE;
				GCC_WARN_UNUSED_FUNCTION = YES;
				GCC_WARN_UNUSED_VARIABLE = YES;
				IPHONEOS_DEPLOYMENT_TARGET = 13.2;
				MTL_ENABLE_DEBUG_INFO = NO;
				MTL_FAST_MATH = YES;
				SDKROOT = iphoneos;
				SWIFT_COMPILATION_MODE = wholemodule;
				SWIFT_OPTIMIZATION_LEVEL = "-O";
				VALIDATE_PRODUCT = YES;
			};
			name = Release;
		};
		278C051023850F2E00F3C321 /* Debug */ = {
			isa = XCBuildConfiguration;
			buildSettings = {
				ASSETCATALOG_COMPILER_APPICON_NAME = AppIcon;
				CODE_SIGN_STYLE = Automatic;
				DEVELOPMENT_TEAM = A73XC757VV;
				INFOPLIST_FILE = "UIView-RippleDemo/Info.plist";
				IPHONEOS_DEPLOYMENT_TARGET = 9.0;
				LD_RUNPATH_SEARCH_PATHS = (
					"$(inherited)",
					"@executable_path/Frameworks",
				);
				PRODUCT_BUNDLE_IDENTIFIER = "com.janlion.UIView-RippleDemo";
				PRODUCT_NAME = "$(TARGET_NAME)";
				SWIFT_VERSION = 5.0;
				TARGETED_DEVICE_FAMILY = 1;
			};
			name = Debug;
		};
		278C051123850F2E00F3C321 /* Release */ = {
			isa = XCBuildConfiguration;
			buildSettings = {
				ASSETCATALOG_COMPILER_APPICON_NAME = AppIcon;
				CODE_SIGN_STYLE = Automatic;
				DEVELOPMENT_TEAM = A73XC757VV;
				INFOPLIST_FILE = "UIView-RippleDemo/Info.plist";
				IPHONEOS_DEPLOYMENT_TARGET = 9.0;
				LD_RUNPATH_SEARCH_PATHS = (
					"$(inherited)",
					"@executable_path/Frameworks",
				);
				PRODUCT_BUNDLE_IDENTIFIER = "com.janlion.UIView-RippleDemo";
				PRODUCT_NAME = "$(TARGET_NAME)";
				SWIFT_VERSION = 5.0;
				TARGETED_DEVICE_FAMILY = 1;
			};
			name = Release;
		};
/* End XCBuildConfiguration section */

/* Begin XCConfigurationList section */
		278C04F623850F2C00F3C321 /* Build configuration list for PBXProject "UIView-RippleDemo" */ = {
			isa = XCConfigurationList;
			buildConfigurations = (
				278C050D23850F2E00F3C321 /* Debug */,
				278C050E23850F2E00F3C321 /* Release */,
			);
			defaultConfigurationIsVisible = 0;
			defaultConfigurationName = Release;
		};
		278C050F23850F2E00F3C321 /* Build configuration list for PBXNativeTarget "UIView-RippleDemo" */ = {
			isa = XCConfigurationList;
			buildConfigurations = (
				278C051023850F2E00F3C321 /* Debug */,
				278C051123850F2E00F3C321 /* Release */,
			);
			defaultConfigurationIsVisible = 0;
			defaultConfigurationName = Release;
		};
/* End XCConfigurationList section */
	};
	rootObject = 278C04F323850F2C00F3C321 /* Project object */;
}
